{
  "name": "dependencies",
  "version": "1.0.0",
  "lockfileVersion": 2,
  "requires": true,
  "packages": {
    "": {
      "name": "dependencies",
      "version": "1.0.0",
      "license": "ISC",
      "dependencies": {
        "jimp-compact": "^0.16.1-2",
        "xml-js": "^1.6.11"
      }
    },
    "node_modules/jimp-compact": {
      "version": "0.16.1-2",
      "resolved": "https://registry.npmjs.org/jimp-compact/-/jimp-compact-0.16.1-2.tgz",
      "integrity": "sha512-b2A3rRT1TITzqmaO70U2/uunCh43BQVq7BfRwGPkD5xj8/WZsR3sPTy9DENt+dNZGsel3zBEm1UtYegUxjZW7A=="
    },
    "node_modules/sax": {
      "version": "1.2.4",
      "resolved": "https://registry.npmjs.org/sax/-/sax-1.2.4.tgz",
      "integrity": "sha512-NqVDv9TpANUjFm0N8uM5GxL36UgKi9/atZw+x7YFnQ8ckwFGKrl4xX4yWtrey3UJm5nP1kUbnYgLopqWNSRhWw=="
    },
    "node_modules/xml-js": {
      "version": "1.6.11",
      "resolved": "https://registry.npmjs.org/xml-js/-/xml-js-1.6.11.tgz",
      "integrity": "sha512-7rVi2KMfwfWFl+GpPg6m80IVMWXLRjO+PxTq7V2CDhoGak0wzYzFgUY2m4XJ47OGdXd8eLE8EmwfAmdjw7lC1g==",
      "dependencies": {
        "sax": "^1.2.4"
      },
      "bin": {
        "xml-js": "bin/cli.js"
      }
    }
  },
  "dependencies": {
    "jimp-compact": {
      "version": "0.16.1-2",
      "resolved": "https://registry.npmjs.org/jimp-compact/-/jimp-compact-0.16.1-2.tgz",
      "integrity": "sha512-b2A3rRT1TITzqmaO70U2/uunCh43BQVq7BfRwGPkD5xj8/WZsR3sPTy9DENt+dNZGsel3zBEm1UtYegUxjZW7A=="
    },
    "sax": {
      "version": "1.2.4",
      "resolved": "https://registry.npmjs.org/sax/-/sax-1.2.4.tgz",
      "integrity": "sha512-NqVDv9TpANUjFm0N8uM5GxL36UgKi9/atZw+x7YFnQ8ckwFGKrl4xX4yWtrey3UJm5nP1kUbnYgLopqWNSRhWw=="
    },
    "xml-js": {
      "version": "1.6.11",
      "resolved": "https://registry.npmjs.org/xml-js/-/xml-js-1.6.11.tgz",
      "integrity": "sha512-7rVi2KMfwfWFl+GpPg6m80IVMWXLRjO+PxTq7V2CDhoGak0wzYzFgUY2m4XJ47OGdXd8eLE8EmwfAmdjw7lC1g==",
      "requires": {
        "sax": "^1.2.4"
      }
    }
  }
}
